{
  "originHash" : "9f36501074bd40bb7dd10098138fafe7ad6aeb7dc867f8cfcfa8519e927df92d",
  "pins" : [
    {
      "identity" : "ios-dependency-injection",
      "kind" : "remoteSourceControl",
      "location" : "https://github.com/strvcom/ios-dependency-injection.git",
      "state" : {
        "revision" : "bff058aab9f85fd687be3daddb0d38d094b56e7b",
        "version" : "2.0.1"
      }
    }
  ],
  "version" : 3
}
