// !$*UTF8*$!
{
	archiveVersion = 1;
	classes = {
	};
	objectVersion = 54;
	objects = {

/* Begin PBXBuildFile section */
		275ACCAC246D4C2E00FEE52F /* TestAppDelegate.swift in Sources */ = {isa = PBXBuildFile; fileRef = 2775D5B4246C917A00F45280 /* TestAppDelegate.swift */; };
		275ACCAD246D4C2E00FEE52F /* TestSceneDelegate.swift in Sources */ = {isa = PBXBuildFile; fileRef = 2775D5B3246C917A00F45280 /* TestSceneDelegate.swift */; };
		2775D5B8246C917A00F45280 /* main.swift in Sources */ = {isa = PBXBuildFile; fileRef = 2775D5B5246C917A00F45280 /* main.swift */; };
		27A08027245C859C0037F1DB /* AppDelegate.swift in Sources */ = {isa = PBXBuildFile; fileRef = 27A08026245C859C0037F1DB /* AppDelegate.swift */; };
		27A0802E245C859C0037F1DB /* Main.storyboard in Resources */ = {isa = PBXBuildFile; fileRef = 27A0802C245C859C0037F1DB /* Main.storyboard */; };
		27A08030245C859E0037F1DB /* Assets.xcassets in Resources */ = {isa = PBXBuildFile; fileRef = 27A0802F245C859E0037F1DB /* Assets.xcassets */; };
		27A08033245C859E0037F1DB /* LaunchScreen.storyboard in Resources */ = {isa = PBXBuildFile; fileRef = 27A08031245C859E0037F1DB /* LaunchScreen.storyboard */; };
		27A08049245C876E0037F1DB /* FirstViewController.swift in Sources */ = {isa = PBXBuildFile; fileRef = 27A08048245C876E0037F1DB /* FirstViewController.swift */; };
		27A0804C245C878E0037F1DB /* SecondViewController.swift in Sources */ = {isa = PBXBuildFile; fileRef = 27A0804B245C878E0037F1DB /* SecondViewController.swift */; };
		27A0804E245C879C0037F1DB /* ThirdViewController.swift in Sources */ = {isa = PBXBuildFile; fileRef = 27A0804D245C879C0037F1DB /* ThirdViewController.swift */; };
		27A08051245C87C40037F1DB /* MainCoordinator.swift in Sources */ = {isa = PBXBuildFile; fileRef = 27A08050245C87C40037F1DB /* MainCoordinator.swift */; };
		27A08053245CBA7A0037F1DB /* SceneDelegate.swift in Sources */ = {isa = PBXBuildFile; fileRef = 27A08052245CBA790037F1DB /* SceneDelegate.swift */; };
		27A08055245CBBD10037F1DB /* DeallocTestConformances.swift in Sources */ = {isa = PBXBuildFile; fileRef = 27A08054245CBBD10037F1DB /* DeallocTestConformances.swift */; };
		27A08057245CBBFA0037F1DB /* MainCoordinatorDeallocTester.swift in Sources */ = {isa = PBXBuildFile; fileRef = 27A08056245CBBFA0037F1DB /* MainCoordinatorDeallocTester.swift */; };
		ADCB58DF27FD7CC9009E0DEB /* APIManager.swift in Sources */ = {isa = PBXBuildFile; fileRef = ADCB58DE27FD7CC9009E0DEB /* APIManager.swift */; };
		ADCB58E127FD7CF3009E0DEB /* ServicesDeallocTester.swift in Sources */ = {isa = PBXBuildFile; fileRef = ADCB58E027FD7CF3009E0DEB /* ServicesDeallocTester.swift */; };
		ADCB58E727FD8756009E0DEB /* DeallocTests in Frameworks */ = {isa = PBXBuildFile; productRef = ADCB58E627FD8756009E0DEB /* DeallocTests */; };
/* End PBXBuildFile section */

/* Begin PBXContainerItemProxy section */
		27A0803A245C859E0037F1DB /* PBXContainerItemProxy */ = {
			isa = PBXContainerItemProxy;
			containerPortal = 27A0801B245C859C0037F1DB /* Project object */;
			proxyType = 1;
			remoteGlobalIDString = 27A08022245C859C0037F1DB;
			remoteInfo = DeallocTestsAppCocoapods;
		};
/* End PBXContainerItemProxy section */

/* Begin PBXFileReference section */
		2775D5B3246C917A00F45280 /* TestSceneDelegate.swift */ = {isa = PBXFileReference; fileEncoding = 4; lastKnownFileType = sourcecode.swift; path = TestSceneDelegate.swift; sourceTree = "<group>"; };
		2775D5B4246C917A00F45280 /* TestAppDelegate.swift */ = {isa = PBXFileReference; fileEncoding = 4; lastKnownFileType = sourcecode.swift; path = TestAppDelegate.swift; sourceTree = "<group>"; };
		2775D5B5246C917A00F45280 /* main.swift */ = {isa = PBXFileReference; fileEncoding = 4; lastKnownFileType = sourcecode.swift; path = main.swift; sourceTree = "<group>"; };
		27A08023245C859C0037F1DB /* DeallocTestsAppSPM.app */ = {isa = PBXFileReference; explicitFileType = wrapper.application; includeInIndex = 0; path = DeallocTestsAppSPM.app; sourceTree = BUILT_PRODUCTS_DIR; };
		27A08026245C859C0037F1DB /* AppDelegate.swift */ = {isa = PBXFileReference; lastKnownFileType = sourcecode.swift; path = AppDelegate.swift; sourceTree = "<group>"; };
		27A0802D245C859C0037F1DB /* Base */ = {isa = PBXFileReference; lastKnownFileType = file.storyboard; name = Base; path = Base.lproj/Main.storyboard; sourceTree = "<group>"; };
		27A0802F245C859E0037F1DB /* Assets.xcassets */ = {isa = PBXFileReference; lastKnownFileType = folder.assetcatalog; path = Assets.xcassets; sourceTree = "<group>"; };
		27A08032245C859E0037F1DB /* Base */ = {isa = PBXFileReference; lastKnownFileType = file.storyboard; name = Base; path = Base.lproj/LaunchScreen.storyboard; sourceTree = "<group>"; };
		27A08034245C859E0037F1DB /* Info.plist */ = {isa = PBXFileReference; lastKnownFileType = text.plist.xml; path = Info.plist; sourceTree = "<group>"; };
		27A08039245C859E0037F1DB /* DeallocTestsAppSPMTests.xctest */ = {isa = PBXFileReference; explicitFileType = wrapper.cfbundle; includeInIndex = 0; path = DeallocTestsAppSPMTests.xctest; sourceTree = BUILT_PRODUCTS_DIR; };
		27A0803F245C859E0037F1DB /* Info.plist */ = {isa = PBXFileReference; lastKnownFileType = text.plist.xml; path = Info.plist; sourceTree = "<group>"; };
		27A08048245C876E0037F1DB /* FirstViewController.swift */ = {isa = PBXFileReference; lastKnownFileType = sourcecode.swift; path = FirstViewController.swift; sourceTree = "<group>"; };
		27A0804B245C878E0037F1DB /* SecondViewController.swift */ = {isa = PBXFileReference; lastKnownFileType = sourcecode.swift; path = SecondViewController.swift; sourceTree = "<group>"; };
		27A0804D245C879C0037F1DB /* ThirdViewController.swift */ = {isa = PBXFileReference; lastKnownFileType = sourcecode.swift; path = ThirdViewController.swift; sourceTree = "<group>"; };
		27A08050245C87C40037F1DB /* MainCoordinator.swift */ = {isa = PBXFileReference; lastKnownFileType = sourcecode.swift; path = MainCoordinator.swift; sourceTree = "<group>"; };
		27A08052245CBA790037F1DB /* SceneDelegate.swift */ = {isa = PBXFileReference; fileEncoding = 4; lastKnownFileType = sourcecode.swift; path = SceneDelegate.swift; sourceTree = "<group>"; };
		27A08054245CBBD10037F1DB /* DeallocTestConformances.swift */ = {isa = PBXFileReference; lastKnownFileType = sourcecode.swift; path = DeallocTestConformances.swift; sourceTree = "<group>"; };
		27A08056245CBBFA0037F1DB /* MainCoordinatorDeallocTester.swift */ = {isa = PBXFileReference; lastKnownFileType = sourcecode.swift; path = MainCoordinatorDeallocTester.swift; sourceTree = "<group>"; };
		7E877B2A5D7E5C94D45AE696 /* Pods_DeallocTestsAppCocoapodsTests.framework */ = {isa = PBXFileReference; explicitFileType = wrapper.framework; includeInIndex = 0; path = Pods_DeallocTestsAppCocoapodsTests.framework; sourceTree = BUILT_PRODUCTS_DIR; };
		ADCB58D827FD7B01009E0DEB /* DeallocTests */ = {isa = PBXFileReference; lastKnownFileType = wrapper; name = DeallocTests; path = ../..; sourceTree = "<group>"; };
		ADCB58DE27FD7CC9009E0DEB /* APIManager.swift */ = {isa = PBXFileReference; lastKnownFileType = sourcecode.swift; path = APIManager.swift; sourceTree = "<group>"; };
		ADCB58E027FD7CF3009E0DEB /* ServicesDeallocTester.swift */ = {isa = PBXFileReference; lastKnownFileType = sourcecode.swift; path = ServicesDeallocTester.swift; sourceTree = "<group>"; };
/* End PBXFileReference section */

/* Begin PBXFrameworksBuildPhase section */
		27A08020245C859C0037F1DB /* Frameworks */ = {
			isa = PBXFrameworksBuildPhase;
			buildActionMask = 2147483647;
			files = (
			);
			runOnlyForDeploymentPostprocessing = 0;
		};
		27A08036245C859E0037F1DB /* Frameworks */ = {
			isa = PBXFrameworksBuildPhase;
			buildActionMask = 2147483647;
			files = (
				ADCB58E727FD8756009E0DEB /* DeallocTests in Frameworks */,
			);
			runOnlyForDeploymentPostprocessing = 0;
		};
/* End PBXFrameworksBuildPhase section */

/* Begin PBXGroup section */
		06E1F9A1168AA9DFAC7A7F7B /* Frameworks */ = {
			isa = PBXGroup;
			children = (
				7E877B2A5D7E5C94D45AE696 /* Pods_DeallocTestsAppCocoapodsTests.framework */,
			);
			name = Frameworks;
			sourceTree = "<group>";
		};
		27A0801A245C859C0037F1DB = {
			isa = PBXGroup;
			children = (
				ADCB58D727FD7B01009E0DEB /* Packages */,
				27A08025245C859C0037F1DB /* DeallocTestsAppSPM */,
				27A0803C245C859E0037F1DB /* DeallocTestsAppSPMTests */,
				27A08024245C859C0037F1DB /* Products */,
				06E1F9A1168AA9DFAC7A7F7B /* Frameworks */,
			);
			sourceTree = "<group>";
		};
		27A08024245C859C0037F1DB /* Products */ = {
			isa = PBXGroup;
			children = (
				27A08023245C859C0037F1DB /* DeallocTestsAppSPM.app */,
				27A08039245C859E0037F1DB /* DeallocTestsAppSPMTests.xctest */,
			);
			name = Products;
			sourceTree = "<group>";
		};
		27A08025245C859C0037F1DB /* DeallocTestsAppSPM */ = {
			isa = PBXGroup;
			children = (
				ADCB58DD27FD7CBA009E0DEB /* Services */,
				27A0804A245C87730037F1DB /* ViewController */,
				27A0804F245C87A40037F1DB /* ViewCoordinator */,
				27A08026245C859C0037F1DB /* AppDelegate.swift */,
				27A0802F245C859E0037F1DB /* Assets.xcassets */,
				27A08034245C859E0037F1DB /* Info.plist */,
				27A08031245C859E0037F1DB /* LaunchScreen.storyboard */,
				27A0802C245C859C0037F1DB /* Main.storyboard */,
				2775D5B5246C917A00F45280 /* main.swift */,
				27A08052245CBA790037F1DB /* SceneDelegate.swift */,
				2775D5B4246C917A00F45280 /* TestAppDelegate.swift */,
				2775D5B3246C917A00F45280 /* TestSceneDelegate.swift */,
			);
			path = DeallocTestsAppSPM;
			sourceTree = "<group>";
		};
		27A0803C245C859E0037F1DB /* DeallocTestsAppSPMTests */ = {
			isa = PBXGroup;
			children = (
				27A0803F245C859E0037F1DB /* Info.plist */,
				27A08054245CBBD10037F1DB /* DeallocTestConformances.swift */,
				27A08056245CBBFA0037F1DB /* MainCoordinatorDeallocTester.swift */,
				ADCB58E027FD7CF3009E0DEB /* ServicesDeallocTester.swift */,
			);
			path = DeallocTestsAppSPMTests;
			sourceTree = "<group>";
		};
		27A0804A245C87730037F1DB /* ViewController */ = {
			isa = PBXGroup;
			children = (
				27A08048245C876E0037F1DB /* FirstViewController.swift */,
				27A0804B245C878E0037F1DB /* SecondViewController.swift */,
				27A0804D245C879C0037F1DB /* ThirdViewController.swift */,
			);
			path = ViewController;
			sourceTree = "<group>";
		};
		27A0804F245C87A40037F1DB /* ViewCoordinator */ = {
			isa = PBXGroup;
			children = (
				27A08050245C87C40037F1DB /* MainCoordinator.swift */,
			);
			path = ViewCoordinator;
			sourceTree = "<group>";
		};
		ADCB58D727FD7B01009E0DEB /* Packages */ = {
			isa = PBXGroup;
			children = (
				ADCB58D827FD7B01009E0DEB /* DeallocTests */,
			);
			name = Packages;
			sourceTree = "<group>";
		};
		ADCB58DD27FD7CBA009E0DEB /* Services */ = {
			isa = PBXGroup;
			children = (
				ADCB58DE27FD7CC9009E0DEB /* APIManager.swift */,
			);
			path = Services;
			sourceTree = "<group>";
		};
/* End PBXGroup section */

/* Begin PBXNativeTarget section */
		27A08022245C859C0037F1DB /* DeallocTestsAppSPM */ = {
			isa = PBXNativeTarget;
			buildConfigurationList = 27A08042245C859E0037F1DB /* Build configuration list for PBXNativeTarget "DeallocTestsAppSPM" */;
			buildPhases = (
				27A0801F245C859C0037F1DB /* Sources */,
				27A08020245C859C0037F1DB /* Frameworks */,
				27A08021245C859C0037F1DB /* Resources */,
			);
			buildRules = (
			);
			dependencies = (
			);
			name = DeallocTestsAppSPM;
			packageProductDependencies = (
			);
			productName = DeallocTestsAppCocoapods;
			productReference = 27A08023245C859C0037F1DB /* DeallocTestsAppSPM.app */;
			productType = "com.apple.product-type.application";
		};
		27A08038245C859E0037F1DB /* DeallocTestsAppSPMTests */ = {
			isa = PBXNativeTarget;
			buildConfigurationList = 27A08045245C859E0037F1DB /* Build configuration list for PBXNativeTarget "DeallocTestsAppSPMTests" */;
			buildPhases = (
				27A08035245C859E0037F1DB /* Sources */,
				27A08036245C859E0037F1DB /* Frameworks */,
				27A08037245C859E0037F1DB /* Resources */,
			);
			buildRules = (
			);
			dependencies = (
				27A0803B245C859E0037F1DB /* PBXTargetDependency */,
			);
			name = DeallocTestsAppSPMTests;
			packageProductDependencies = (
				ADCB58E627FD8756009E0DEB /* DeallocTests */,
			);
			productName = DeallocTestsAppCocoapodsTests;
			productReference = 27A08039245C859E0037F1DB /* DeallocTestsAppSPMTests.xctest */;
			productType = "com.apple.product-type.bundle.unit-test";
		};
/* End PBXNativeTarget section */

/* Begin PBXProject section */
		27A0801B245C859C0037F1DB /* Project object */ = {
			isa = PBXProject;
			attributes = {
				LastSwiftUpdateCheck = 1140;
				LastUpgradeCheck = 1140;
				ORGANIZATIONNAME = STRV;
				TargetAttributes = {
					27A08022245C859C0037F1DB = {
						CreatedOnToolsVersion = 11.4.1;
					};
					27A08038245C859E0037F1DB = {
						CreatedOnToolsVersion = 11.4.1;
						TestTargetID = 27A08022245C859C0037F1DB;
					};
				};
			};
			buildConfigurationList = 27A0801E245C859C0037F1DB /* Build configuration list for PBXProject "DeallocTestsAppSPM" */;
			compatibilityVersion = "Xcode 9.3";
			developmentRegion = en;
			hasScannedForEncodings = 0;
			knownRegions = (
				en,
				Base,
			);
			mainGroup = 27A0801A245C859C0037F1DB;
			packageReferences = (
			);
			productRefGroup = 27A08024245C859C0037F1DB /* Products */;
			projectDirPath = "";
			projectRoot = "";
			targets = (
				27A08022245C859C0037F1DB /* DeallocTestsAppSPM */,
				27A08038245C859E0037F1DB /* DeallocTestsAppSPMTests */,
			);
		};
/* End PBXProject section */

/* Begin PBXResourcesBuildPhase section */
		27A08021245C859C0037F1DB /* Resources */ = {
			isa = PBXResourcesBuildPhase;
			buildActionMask = 2147483647;
			files = (
				27A08033245C859E0037F1DB /* LaunchScreen.storyboard in Resources */,
				27A08030245C859E0037F1DB /* Assets.xcassets in Resources */,
				27A0802E245C859C0037F1DB /* Main.storyboard in Resources */,
			);
			runOnlyForDeploymentPostprocessing = 0;
		};
		27A08037245C859E0037F1DB /* Resources */ = {
			isa = PBXResourcesBuildPhase;
			buildActionMask = 2147483647;
			files = (
			);
			runOnlyForDeploymentPostprocessing = 0;
		};
/* End PBXResourcesBuildPhase section */

/* Begin PBXSourcesBuildPhase section */
		27A0801F245C859C0037F1DB /* Sources */ = {
			isa = PBXSourcesBuildPhase;
			buildActionMask = 2147483647;
			files = (
				ADCB58DF27FD7CC9009E0DEB /* APIManager.swift in Sources */,
				27A0804C245C878E0037F1DB /* SecondViewController.swift in Sources */,
				27A08051245C87C40037F1DB /* MainCoordinator.swift in Sources */,
				2775D5B8246C917A00F45280 /* main.swift in Sources */,
				27A08027245C859C0037F1DB /* AppDelegate.swift in Sources */,
				27A0804E245C879C0037F1DB /* ThirdViewController.swift in Sources */,
				27A08049245C876E0037F1DB /* FirstViewController.swift in Sources */,
				27A08053245CBA7A0037F1DB /* SceneDelegate.swift in Sources */,
			);
			runOnlyForDeploymentPostprocessing = 0;
		};
		27A08035245C859E0037F1DB /* Sources */ = {
			isa = PBXSourcesBuildPhase;
			buildActionMask = 2147483647;
			files = (
				27A08055245CBBD10037F1DB /* DeallocTestConformances.swift in Sources */,
				27A08057245CBBFA0037F1DB /* MainCoordinatorDeallocTester.swift in Sources */,
				ADCB58E127FD7CF3009E0DEB /* ServicesDeallocTester.swift in Sources */,
				275ACCAC246D4C2E00FEE52F /* TestAppDelegate.swift in Sources */,
				275ACCAD246D4C2E00FEE52F /* TestSceneDelegate.swift in Sources */,
			);
			runOnlyForDeploymentPostprocessing = 0;
		};
/* End PBXSourcesBuildPhase section */

/* Begin PBXTargetDependency section */
		27A0803B245C859E0037F1DB /* PBXTargetDependency */ = {
			isa = PBXTargetDependency;
			target = 27A08022245C859C0037F1DB /* DeallocTestsAppSPM */;
			targetProxy = 27A0803A245C859E0037F1DB /* PBXContainerItemProxy */;
		};
/* End PBXTargetDependency section */

/* Begin PBXVariantGroup section */
		27A0802C245C859C0037F1DB /* Main.storyboard */ = {
			isa = PBXVariantGroup;
			children = (
				27A0802D245C859C0037F1DB /* Base */,
			);
			name = Main.storyboard;
			sourceTree = "<group>";
		};
		27A08031245C859E0037F1DB /* LaunchScreen.storyboard */ = {
			isa = PBXVariantGroup;
			children = (
				27A08032245C859E0037F1DB /* Base */,
			);
			name = LaunchScreen.storyboard;
			sourceTree = "<group>";
		};
/* End PBXVariantGroup section */

/* Begin XCBuildConfiguration section */
		27A08040245C859E0037F1DB /* Debug */ = {
			isa = XCBuildConfiguration;
			buildSettings = {
				ALWAYS_SEARCH_USER_PATHS = NO;
				CLANG_ANALYZER_NONNULL = YES;
				CLANG_ANALYZER_NUMBER_OBJECT_CONVERSION = YES_AGGRESSIVE;
				CLANG_CXX_LANGUAGE_STANDARD = "gnu++14";
				CLANG_CXX_LIBRARY = "libc++";
				CLANG_ENABLE_MODULES = YES;
				CLANG_ENABLE_OBJC_ARC = YES;
				CLANG_ENABLE_OBJC_WEAK = YES;
				CLANG_WARN_BLOCK_CAPTURE_AUTORELEASING = YES;
				CLANG_WARN_BOOL_CONVERSION = YES;
				CLANG_WARN_COMMA = YES;
				CLANG_WARN_CONSTANT_CONVERSION = YES;
				CLANG_WARN_DEPRECATED_OBJC_IMPLEMENTATIONS = YES;
				CLANG_WARN_DIRECT_OBJC_ISA_USAGE = YES_ERROR;
				CLANG_WARN_DOCUMENTATION_COMMENTS = YES;
				CLANG_WARN_EMPTY_BODY = YES;
				CLANG_WARN_ENUM_CONVERSION = YES;
				CLANG_WARN_INFINITE_RECURSION = YES;
				CLANG_WARN_INT_CONVERSION = YES;
				CLANG_WARN_NON_LITERAL_NULL_CONVERSION = YES;
				CLANG_WARN_OBJC_IMPLICIT_RETAIN_SELF = YES;
				CLANG_WARN_OBJC_LITERAL_CONVERSION = YES;
				CLANG_WARN_OBJC_ROOT_CLASS = YES_ERROR;
				CLANG_WARN_RANGE_LOOP_ANALYSIS = YES;
				CLANG_WARN_STRICT_PROTOTYPES = YES;
				CLANG_WARN_SUSPICIOUS_MOVE = YES;
				CLANG_WARN_UNGUARDED_AVAILABILITY = YES_AGGRESSIVE;
				CLANG_WARN_UNREACHABLE_CODE = YES;
				CLANG_WARN__DUPLICATE_METHOD_MATCH = YES;
				COPY_PHASE_STRIP = NO;
				DEBUG_INFORMATION_FORMAT = dwarf;
				ENABLE_STRICT_OBJC_MSGSEND = YES;
				ENABLE_TESTABILITY = YES;
				GCC_C_LANGUAGE_STANDARD = gnu11;
				GCC_DYNAMIC_NO_PIC = NO;
				GCC_NO_COMMON_BLOCKS = YES;
				GCC_OPTIMIZATION_LEVEL = 0;
				GCC_PREPROCESSOR_DEFINITIONS = (
					"DEBUG=1",
					"$(inherited)",
				);
				GCC_WARN_64_TO_32_BIT_CONVERSION = YES;
				GCC_WARN_ABOUT_RETURN_TYPE = YES_ERROR;
				GCC_WARN_UNDECLARED_SELECTOR = YES;
				GCC_WARN_UNINITIALIZED_AUTOS = YES_AGGRESSIVE;
				GCC_WARN_UNUSED_FUNCTION = YES;
				GCC_WARN_UNUSED_VARIABLE = YES;
				IPHONEOS_DEPLOYMENT_TARGET = 13.4;
				MTL_ENABLE_DEBUG_INFO = INCLUDE_SOURCE;
				MTL_FAST_MATH = YES;
				ONLY_ACTIVE_ARCH = YES;
				SDKROOT = iphoneos;
				SWIFT_ACTIVE_COMPILATION_CONDITIONS = DEBUG;
				SWIFT_OPTIMIZATION_LEVEL = "-Onone";
			};
			name = Debug;
		};
		27A08041245C859E0037F1DB /* Release */ = {
			isa = XCBuildConfiguration;
			buildSettings = {
				ALWAYS_SEARCH_USER_PATHS = NO;
				CLANG_ANALYZER_NONNULL = YES;
				CLANG_ANALYZER_NUMBER_OBJECT_CONVERSION = YES_AGGRESSIVE;
				CLANG_CXX_LANGUAGE_STANDARD = "gnu++14";
				CLANG_CXX_LIBRARY = "libc++";
				CLANG_ENABLE_MODULES = YES;
				CLANG_ENABLE_OBJC_ARC = YES;
				CLANG_ENABLE_OBJC_WEAK = YES;
				CLANG_WARN_BLOCK_CAPTURE_AUTORELEASING = YES;
				CLANG_WARN_BOOL_CONVERSION = YES;
				CLANG_WARN_COMMA = YES;
				CLANG_WARN_CONSTANT_CONVERSION = YES;
				CLANG_WARN_DEPRECATED_OBJC_IMPLEMENTATIONS = YES;
				CLANG_WARN_DIRECT_OBJC_ISA_USAGE = YES_ERROR;
				CLANG_WARN_DOCUMENTATION_COMMENTS = YES;
				CLANG_WARN_EMPTY_BODY = YES;
				CLANG_WARN_ENUM_CONVERSION = YES;
				CLANG_WARN_INFINITE_RECURSION = YES;
				CLANG_WARN_INT_CONVERSION = YES;
				CLANG_WARN_NON_LITERAL_NULL_CONVERSION = YES;
				CLANG_WARN_OBJC_IMPLICIT_RETAIN_SELF = YES;
				CLANG_WARN_OBJC_LITERAL_CONVERSION = YES;
				CLANG_WARN_OBJC_ROOT_CLASS = YES_ERROR;
				CLANG_WARN_RANGE_LOOP_ANALYSIS = YES;
				CLANG_WARN_STRICT_PROTOTYPES = YES;
				CLANG_WARN_SUSPICIOUS_MOVE = YES;
				CLANG_WARN_UNGUARDED_AVAILABILITY = YES_AGGRESSIVE;
				CLANG_WARN_UNREACHABLE_CODE = YES;
				CLANG_WARN__DUPLICATE_METHOD_MATCH = YES;
				COPY_PHASE_STRIP = NO;
				DEBUG_INFORMATION_FORMAT = "dwarf-with-dsym";
				ENABLE_NS_ASSERTIONS = NO;
				ENABLE_STRICT_OBJC_MSGSEND = YES;
				GCC_C_LANGUAGE_STANDARD = gnu11;
				GCC_NO_COMMON_BLOCKS = YES;
				GCC_WARN_64_TO_32_BIT_CONVERSION = YES;
				GCC_WARN_ABOUT_RETURN_TYPE = YES_ERROR;
				GCC_WARN_UNDECLARED_SELECTOR = YES;
				GCC_WARN_UNINITIALIZED_AUTOS = YES_AGGRESSIVE;
				GCC_WARN_UNUSED_FUNCTION = YES;
				GCC_WARN_UNUSED_VARIABLE = YES;
				IPHONEOS_DEPLOYMENT_TARGET = 13.4;
				MTL_ENABLE_DEBUG_INFO = NO;
				MTL_FAST_MATH = YES;
				SDKROOT = iphoneos;
				SWIFT_COMPILATION_MODE = wholemodule;
				SWIFT_OPTIMIZATION_LEVEL = "-O";
				VALIDATE_PRODUCT = YES;
			};
			name = Release;
		};
		27A08043245C859E0037F1DB /* Debug */ = {
			isa = XCBuildConfiguration;
			buildSettings = {
				ASSETCATALOG_COMPILER_APPICON_NAME = AppIcon;
				CODE_SIGN_STYLE = Automatic;
				INFOPLIST_FILE = DeallocTestsAppSPM/Info.plist;
				IPHONEOS_DEPLOYMENT_TARGET = 17;
				LD_RUNPATH_SEARCH_PATHS = (
					"$(inherited)",
					"@executable_path/Frameworks",
				);
				PRODUCT_BUNDLE_IDENTIFIER = com.strv.DeallocTestsAppSPM;
				PRODUCT_NAME = "$(TARGET_NAME)";
				SWIFT_VERSION = 5.0;
				TARGETED_DEVICE_FAMILY = "1,2";
			};
			name = Debug;
		};
		27A08044245C859E0037F1DB /* Release */ = {
			isa = XCBuildConfiguration;
			buildSettings = {
				ASSETCATALOG_COMPILER_APPICON_NAME = AppIcon;
				CODE_SIGN_STYLE = Automatic;
				INFOPLIST_FILE = DeallocTestsAppSPM/Info.plist;
				IPHONEOS_DEPLOYMENT_TARGET = 17;
				LD_RUNPATH_SEARCH_PATHS = (
					"$(inherited)",
					"@executable_path/Frameworks",
				);
				PRODUCT_BUNDLE_IDENTIFIER = com.strv.DeallocTestsAppSPM;
				PRODUCT_NAME = "$(TARGET_NAME)";
				SWIFT_VERSION = 5.0;
				TARGETED_DEVICE_FAMILY = "1,2";
			};
			name = Release;
		};
		27A08046245C859E0037F1DB /* Debug */ = {
			isa = XCBuildConfiguration;
			buildSettings = {
				ALWAYS_EMBED_SWIFT_STANDARD_LIBRARIES = YES;
				BUNDLE_LOADER = "$(TEST_HOST)";
				CODE_SIGN_STYLE = Automatic;
				INFOPLIST_FILE = DeallocTestsAppSPMTests/Info.plist;
				IPHONEOS_DEPLOYMENT_TARGET = 17;
				LD_RUNPATH_SEARCH_PATHS = (
					"$(inherited)",
					"@executable_path/Frameworks",
					"@loader_path/Frameworks",
				);
				PRODUCT_BUNDLE_IDENTIFIER = com.strv.DeallocTestsAppSPMTests;
				PRODUCT_NAME = "$(TARGET_NAME)";
				SWIFT_VERSION = 5.0;
				TARGETED_DEVICE_FAMILY = "1,2";
				TEST_HOST = "$(BUILT_PRODUCTS_DIR)/DeallocTestsAppSPM.app/DeallocTestsAppSPM";
			};
			name = Debug;
		};
		27A08047245C859E0037F1DB /* Release */ = {
			isa = XCBuildConfiguration;
			buildSettings = {
				ALWAYS_EMBED_SWIFT_STANDARD_LIBRARIES = YES;
				BUNDLE_LOADER = "$(TEST_HOST)";
				CODE_SIGN_STYLE = Automatic;
				INFOPLIST_FILE = DeallocTestsAppSPMTests/Info.plist;
				IPHONEOS_DEPLOYMENT_TARGET = 17;
				LD_RUNPATH_SEARCH_PATHS = (
					"$(inherited)",
					"@executable_path/Frameworks",
					"@loader_path/Frameworks",
				);
				PRODUCT_BUNDLE_IDENTIFIER = com.strv.DeallocTestsAppSPMTests;
				PRODUCT_NAME = "$(TARGET_NAME)";
				SWIFT_VERSION = 5.0;
				TARGETED_DEVICE_FAMILY = "1,2";
				TEST_HOST = "$(BUILT_PRODUCTS_DIR)/DeallocTestsAppSPM.app/DeallocTestsAppSPM";
			};
			name = Release;
		};
/* End XCBuildConfiguration section */

/* Begin XCConfigurationList section */
		27A0801E245C859C0037F1DB /* Build configuration list for PBXProject "DeallocTestsAppSPM" */ = {
			isa = XCConfigurationList;
			buildConfigurations = (
				27A08040245C859E0037F1DB /* Debug */,
				27A08041245C859E0037F1DB /* Release */,
			);
			defaultConfigurationIsVisible = 0;
			defaultConfigurationName = Release;
		};
		27A08042245C859E0037F1DB /* Build configuration list for PBXNativeTarget "DeallocTestsAppSPM" */ = {
			isa = XCConfigurationList;
			buildConfigurations = (
				27A08043245C859E0037F1DB /* Debug */,
				27A08044245C859E0037F1DB /* Release */,
			);
			defaultConfigurationIsVisible = 0;
			defaultConfigurationName = Release;
		};
		27A08045245C859E0037F1DB /* Build configuration list for PBXNativeTarget "DeallocTestsAppSPMTests" */ = {
			isa = XCConfigurationList;
			buildConfigurations = (
				27A08046245C859E0037F1DB /* Debug */,
				27A08047245C859E0037F1DB /* Release */,
			);
			defaultConfigurationIsVisible = 0;
			defaultConfigurationName = Release;
		};
/* End XCConfigurationList section */

/* Begin XCSwiftPackageProductDependency section */
		ADCB58E627FD8756009E0DEB /* DeallocTests */ = {
			isa = XCSwiftPackageProductDependency;
			productName = DeallocTests;
		};
/* End XCSwiftPackageProductDependency section */
	};
	rootObject = 27A0801B245C859C0037F1DB /* Project object */;
}
