PODS:
  - DeallocTests/DeallocTestsSwinjectFree (1.0.0)

DEPENDENCIES:
  - DeallocTests/DeallocTestsSwinjectFree (from `../../`)

EXTERNAL SOURCES:
  DeallocTests:
    :path: "../../"

SPEC CHECKSUMS:
  DeallocTests: dc7b3d3051b625f840972849ed95902e221faea3

PODFILE CHECKSUM: 4daf539bb34e31ea965e0b39948a4bd43b3eee89

COCOAPODS: 1.9.3
