PODS:
  - DeallocTests (0.0.7):
    - DeallocTests/Core (= 0.0.7)
    - Swinject (~> 2.7.0)
  - DeallocTests/Core (0.0.7):
    - Swinject (~> 2.7.0)
  - Swinject (2.7.1)

DEPENDENCIES:
  - DeallocTests (from `../../`)

SPEC REPOS:
  trunk:
    - Swinject

EXTERNAL SOURCES:
  DeallocTests:
    :path: "../../"

SPEC CHECKSUMS:
  DeallocTests: 40abf875f529a5bfada6699991640459fe2cca49
  Swinject: ddf78b8486dd9b71a667b852cad919ab4484478e

PODFILE CHECKSUM: 084cc2152c8b6f3d3493fc2a7afa6432fee061b8

COCOAPODS: 1.9.3
