{
  "object": {
    "pins": [
      {
        "package": "DeallocTests",
        "repositoryURL": "git@github.com:strvcom/ios-research-dealloc-tests.git",
        "state": {
          "branch": "develop",
          "revision": "f09f63a9f753b424a7c28b856c8f8ce02c558d01",
          "version": null
        }
      }
    ]
  },
  "version": 1
}
