PODS:
  - DeallocTests (0.0.7):
    - DeallocTests/Core (= 0.0.7)
  - DeallocTests/Core (0.0.7)

DEPENDENCIES:
  - DeallocTests (from `../../`)

EXTERNAL SOURCES:
  DeallocTests:
    :path: "../../"

SPEC CHECKSUMS:
  DeallocTests: 591343d1110ad019d834b3b0bd094795009fb8b3

PODFILE CHECKSUM: 084cc2152c8b6f3d3493fc2a7afa6432fee061b8

COCOAPODS: 1.9.3
